
Microsoft Visual Studio Solution File, Format Version 12.00
# Visual Studio Version 17
VisualStudioVersion = 17.4.33403.182
MinimumVisualStudioVersion = 10.0.40219.1
Project("{8BC9CEB8-8B4A-11D0-8D11-00A0C91BC942}") = "演讲比赛流程管理系统", "演讲比赛流程管理系统.vcxproj", "{E918F776-C216-4C9A-B878-FB53CA188FAF}"
EndProject
Global
	GlobalSection(SolutionConfigurationPlatforms) = preSolution
		Debug|x64 = Debug|x64
		Debug|x86 = Debug|x86
		Release|x64 = Release|x64
		Release|x86 = Release|x86
	EndGlobalSection
	GlobalSection(ProjectConfigurationPlatforms) = postSolution
		{E918F776-C216-4C9A-B878-FB53CA188FAF}.Debug|x64.ActiveCfg = Debug|x64
		{E918F776-C216-4C9A-B878-FB53CA188FAF}.Debug|x64.Build.0 = Debug|x64
		{E918F776-C216-4C9A-B878-FB53CA188FAF}.Debug|x86.ActiveCfg = Debug|Win32
		{E918F776-C216-4C9A-B878-FB53CA188FAF}.Debug|x86.Build.0 = Debug|Win32
		{E918F776-C216-4C9A-B878-FB53CA188FAF}.Release|x64.ActiveCfg = Release|x64
		{E918F776-C216-4C9A-B878-FB53CA188FAF}.Release|x64.Build.0 = Release|x64
		{E918F776-C216-4C9A-B878-FB53CA188FAF}.Release|x86.ActiveCfg = Release|Win32
		{E918F776-C216-4C9A-B878-FB53CA188FAF}.Release|x86.Build.0 = Release|Win32
	EndGlobalSection
	GlobalSection(SolutionProperties) = preSolution
		HideSolutionNode = FALSE
	EndGlobalSection
	GlobalSection(ExtensibilityGlobals) = postSolution
		SolutionGuid = {BE682FCF-7245-4F6B-A61B-E0A229A97760}
	EndGlobalSection
EndGlobal
